
Microsoft Visual Studio Solution File, Format Version 12.00
# Visual Studio Version 17
VisualStudioVersion = 17.5.33627.172
MinimumVisualStudioVersion = 10.0.40219.1
Project("{FAE04EC0-301F-11D3-BF4B-00C04F79EFBC}") = "TrainDapper", "TrainDapper\TrainDapper.csproj", "{0EA0FB01-85FB-4DEF-82DF-35B0C242729D}"
EndProject
Global
	GlobalSection(SolutionConfigurationPlatforms) = preSolution
		Debug|Any CPU = Debug|Any CPU
		Release|Any CPU = Release|Any CPU
	EndGlobalSection
	GlobalSection(ProjectConfigurationPlatforms) = postSolution
		{0EA0FB01-85FB-4DEF-82DF-35B0C242729D}.Debug|Any CPU.ActiveCfg = Debug|Any CPU
		{0EA0FB01-85FB-4DEF-82DF-35B0C242729D}.Debug|Any CPU.Build.0 = Debug|Any CPU
		{0EA0FB01-85FB-4DEF-82DF-35B0C242729D}.Release|Any CPU.ActiveCfg = Release|Any CPU
		{0EA0FB01-85FB-4DEF-82DF-35B0C242729D}.Release|Any CPU.Build.0 = Release|Any CPU
	EndGlobalSection
	GlobalSection(SolutionProperties) = preSolution
		HideSolutionNode = FALSE
	EndGlobalSection
	GlobalSection(ExtensibilityGlobals) = postSolution
		SolutionGuid = {524FA8D5-70D9-40A4-83B4-3447CE185151}
	EndGlobalSection
EndGlobal
